# THIS IS AN AUTOGENERATED FILE. DO NOT EDIT THIS FILE DIRECTLY.
# yarn lockfile v1


ev-emitter@^1.1.1:
  version "1.1.1"
  resolved "https://registry.yarnpkg.com/ev-emitter/-/ev-emitter-1.1.1.tgz#8f18b0ce5c76a5d18017f71c0a795c65b9138f2a"
  integrity sha512-ipiDYhdQSCZ4hSbX4rMW+XzNKMD1prg/sTvoVmSLkuQ1MVlwjJQQA+sW8tMYR3BLUr9KjodFV4pvzunvRhd33Q==

handorgel@^0.5:
  version "0.5.0"
  resolved "https://registry.yarnpkg.com/handorgel/-/handorgel-0.5.0.tgz#6c1fd6d13fdce59a8de9079d88a5b7aa0145db57"
  integrity sha512-10YJm0LIhcF9KRzYp8+qbkaVSr0cNFoxpihsInmO751JmUYDtrb5ibO3wROOywZIAP3R6AoLdOiaQpCMmkocJg==
  dependencies:
    ev-emitter "^1.1.1"
