# THIS IS AN AUTOGENERATED FILE. DO NOT EDIT THIS FILE DIRECTLY.
# yarn lockfile v1


tiny-invariant@^1.0.6:
  version "1.0.6"
  resolved "https://registry.yarnpkg.com/tiny-invariant/-/tiny-invariant-1.0.6.tgz#b3f9b38835e36a41c843a3b0907a5a7b3755de73"
  integrity sha512-FOyLWWVjG+aC0UqG76V53yAWdXfH8bO6FNmyZOuUrzDzK8DI3/JRY25UD7+g49JWM1LXwymsKERB+DzI0dTEQA==
