# THIS IS AN AUTOGENERATED FILE. DO NOT EDIT THIS FILE DIRECTLY.
# yarn lockfile v1


intervalometer@^1.0.4:
  version "1.0.4"
  resolved "https://registry.yarnpkg.com/intervalometer/-/intervalometer-1.0.4.tgz#e807229ae8ac2cbf9156cc010eeb207b6e65ad23"

iphone-inline-video@^2.2.2:
  version "2.2.2"
  resolved "https://registry.yarnpkg.com/iphone-inline-video/-/iphone-inline-video-2.2.2.tgz#b5cd8d53d0c60fbcb1248cfdbbe44d36ff610fb2"
  dependencies:
    intervalometer "^1.0.4"
    poor-mans-symbol "^1.0.1"

object-fit-images@^3.2.3:
  version "3.2.3"
  resolved "https://registry.yarnpkg.com/object-fit-images/-/object-fit-images-3.2.3.tgz#4089f6d0070a3b5563d3c1ab6f1b28d61331f0ac"

object-fit-videos@^1.0.4:
  version "1.0.4"
  resolved "https://registry.yarnpkg.com/object-fit-videos/-/object-fit-videos-1.0.4.tgz#56ff1fdf4d824ed08172d77a1651154fc3df79b6"

poor-mans-symbol@^1.0.1:
  version "1.0.1"
  resolved "https://registry.yarnpkg.com/poor-mans-symbol/-/poor-mans-symbol-1.0.1.tgz#0c1b65ff1d49c07402b2235e562077d120671d0c"
