# THIS IS AN AUTOGENERATED FILE. DO NOT EDIT THIS FILE DIRECTLY.
# yarn lockfile v1


autocompleter@^6.0.3:
  version "6.0.3"
  resolved "https://registry.yarnpkg.com/autocompleter/-/autocompleter-6.0.3.tgz#915e8fabc53ff50792ec893ac8241415f547e233"
  integrity sha512-CACd1r+AzgXOrppaYuOUWtJrM84EdUNSwRVXM0cuP6UQ09kLv7QumV7PD25kxRuZ7X4kVeTX9gkloH4NkNglvg==
