# THIS IS AN AUTOGENERATED FILE. DO NOT EDIT THIS FILE DIRECTLY.
# yarn lockfile v1


desandro-matches-selector@^2.0.0:
  version "2.0.2"
  resolved "https://registry.yarnpkg.com/desandro-matches-selector/-/desandro-matches-selector-2.0.2.tgz#717beed4dc13e7d8f3762f707a6d58a6774218e1"
  integrity sha1-cXvu1NwT59jzdi9wem1YpndCGOE=

ev-emitter@^1.0.0, ev-emitter@^1.0.1, ev-emitter@^1.0.2:
  version "1.1.1"
  resolved "https://registry.yarnpkg.com/ev-emitter/-/ev-emitter-1.1.1.tgz#8f18b0ce5c76a5d18017f71c0a795c65b9138f2a"

ev-emitter@^2.0.0, ev-emitter@^2.1.2:
  version "2.1.2"
  resolved "https://registry.yarnpkg.com/ev-emitter/-/ev-emitter-2.1.2.tgz#91737a2deae9fa95453e7e86cfae976f8c3ced38"
  integrity sha512-jQ5Ql18hdCQ4qS+RCrbLfz1n+Pags27q5TwMKvZyhp5hh2UULUYZUy1keqj6k6SYsdqIYjnmz7xyyEY0V67B8Q==

fizzy-ui-utils@^2.0.0:
  version "2.0.7"
  resolved "https://registry.yarnpkg.com/fizzy-ui-utils/-/fizzy-ui-utils-2.0.7.tgz#7df45dcc4eb374a08b65d39bb9a4beedf7330505"
  integrity sha512-CZXDVXQ1If3/r8s0T+v+qVeMshhfcuq0rqIFgJnrtd+Bu8GmDmqMjntjUePypVtjHXKJ6V4sw9zeyox34n9aCg==
  dependencies:
    desandro-matches-selector "^2.0.0"

fizzy-ui-utils@^3.0.0:
  version "3.0.0"
  resolved "https://registry.yarnpkg.com/fizzy-ui-utils/-/fizzy-ui-utils-3.0.0.tgz#cc5e876eea263d3d92828a3144745dbd7b972fc8"
  integrity sha512-uJj38QFQiJ/KCio5tiZhwAjIbTXSIgzBCKdKVbaYfLS053F6z23Nb0o1ZoO9gnxOQWN7BCc35jsvrCtAq3gY9g==

flickity-imagesloaded@^2.0.0:
  version "2.0.0"
  resolved "https://registry.yarnpkg.com/flickity-imagesloaded/-/flickity-imagesloaded-2.0.0.tgz#a2d1d6aae6c26369ef2fa44f3eb948ea474e976b"
  dependencies:
    flickity "^2.0.0"
    imagesloaded "^4.1.0"

flickity@^2.0.0:
  version "2.0.10"
  resolved "https://registry.yarnpkg.com/flickity/-/flickity-2.0.10.tgz#ddbd7800006df44ae0e89b4feba4ce3b9cf67b64"
  dependencies:
    desandro-matches-selector "^2.0.0"
    ev-emitter "^1.0.2"
    fizzy-ui-utils "^2.0.0"
    get-size "^2.0.0"
    tap-listener "^2.0.0"
    unidragger "^2.2.3"

flickity@^3.0.0:
  version "3.0.0"
  resolved "https://registry.yarnpkg.com/flickity/-/flickity-3.0.0.tgz#568d14d17acece85e08eddc2589c968a458c8861"
  integrity sha512-Xw4znhglA2LVSmka0yKmzb4+fLwXm13TuKmdG1HbUoZZL95J1ZMr4hAA3w69s+Z6q/c6CyBDM25JVwMqgF3rOg==
  dependencies:
    ev-emitter "^2.1.2"
    fizzy-ui-utils "^3.0.0"
    get-size "^3.0.0"
    imagesloaded "^5.0.0"
    unidragger "^3.0.0"

get-size@^2.0.0:
  version "2.0.3"
  resolved "https://registry.yarnpkg.com/get-size/-/get-size-2.0.3.tgz#54a1d0256b20ea7ac646516756202769941ad2ef"
  integrity sha512-lXNzT/h/dTjTxRbm9BXb+SGxxzkm97h/PCIKtlN/CBCxxmkkIVV21udumMS93MuVTDX583gqc94v3RjuHmI+2Q==

get-size@^3.0.0:
  version "3.0.0"
  resolved "https://registry.yarnpkg.com/get-size/-/get-size-3.0.0.tgz#00e39a8042a3de237b2fcf288eaf55d3f472417c"
  integrity sha512-Y8aiXLq4leR7807UY0yuKEwif5s3kbVp1nTv+i4jBeoUzByTLKkLWu/HorS6/pB+7gsB0o7OTogC8AoOOeT0Hw==

imagesloaded@^4.1.0:
  version "4.1.4"
  resolved "https://registry.yarnpkg.com/imagesloaded/-/imagesloaded-4.1.4.tgz#1376efcd162bb768c34c3727ac89cc04051f3cc7"
  dependencies:
    ev-emitter "^1.0.0"

imagesloaded@^5.0.0:
  version "5.0.0"
  resolved "https://registry.yarnpkg.com/imagesloaded/-/imagesloaded-5.0.0.tgz#e614e5de482769dd7d571ca62d947d0d00183847"
  integrity sha512-/0JGSubc1MTCoDKVmonLHgbifBWHdyLkun+R/151E1c5n79hiSxcd7cB7mPXFgojYu8xnRZv7GYxzKoxW8BetQ==
  dependencies:
    ev-emitter "^2.1.2"

tap-listener@^2.0.0:
  version "2.0.0"
  resolved "https://registry.yarnpkg.com/tap-listener/-/tap-listener-2.0.0.tgz#d2e11d0d8e7c92b26a56ae4f35538a248b44ad63"
  integrity sha1-0uEdDY58krJqVq5PNVOKJItErWM=
  dependencies:
    unipointer "^2.1.0"

unidragger@^2.2.3:
  version "2.4.0"
  resolved "https://registry.yarnpkg.com/unidragger/-/unidragger-2.4.0.tgz#4cd7e564317af0ef42632d5984a82d4ae6314d8d"
  integrity sha512-MueZK2oXuGE6OAlGKIrSXK2zCq+8yb1QUZgqyTDCSJzvwYL0g2Llrad+TtoQTYxtFnNyxxSw0IMnKNIgEMia1w==
  dependencies:
    unipointer "^2.4.0"

unidragger@^3.0.0:
  version "3.0.1"
  resolved "https://registry.yarnpkg.com/unidragger/-/unidragger-3.0.1.tgz#72b2e63f2571ca6e95a884b139dfec764e08c7f3"
  integrity sha512-RngbGSwBFmqGBWjkaH+yB677uzR95blSQyxq6hYbrQCejH3Mx1nm8DVOuh3M9k2fQyTstWUG5qlgCnNqV/9jVw==
  dependencies:
    ev-emitter "^2.0.0"

unipointer@^2.1.0, unipointer@^2.4.0:
  version "2.4.0"
  resolved "https://registry.yarnpkg.com/unipointer/-/unipointer-2.4.0.tgz#ac7316aff6170ff87a4b008e55e842fb4bf13181"
  integrity sha512-VjzDLPjGK7aYpQKH7bnDZS8X4axF5AFU/LQi+NQe1oyEHfaz6lWKhaQ7n4o7vJ1iJ4i2T0quCIfrQM139p05Sw==
  dependencies:
    ev-emitter "^1.0.1"
