# THIS IS AN AUTOGENERATED FILE. DO NOT EDIT THIS FILE DIRECTLY.
# yarn lockfile v1


"@goldinteractive/js-base@^1.0.2":
  version "1.0.2"
  resolved "https://registry.yarnpkg.com/@goldinteractive/js-base/-/js-base-1.0.2.tgz#841cd8c349ecc8f4926a1c290e04fe279f7a24da"
  integrity sha512-vFEViZ5qqrQ/4BUDne0lWiz9ou1BaeltiCLU8SC3QyY7D7Bint0xlEVWm0Dgv686cXF8zqwQcuja6Mn53rTuKA==
  dependencies:
    core-js "^3.6.4"
    easing-js danro/easing-js
    fetch-jsonp "^1.1.3"
    intersection-observer "^0.5.0"
    promise-polyfill "^6.0.2"
    qs "^6.5.1"
    riot-observable "^3.0.0"
    tiny-invariant "^1.0.6"
    whatwg-fetch "^2.0.3"

core-js@^3.6.4:
  version "3.6.5"
  resolved "https://registry.yarnpkg.com/core-js/-/core-js-3.6.5.tgz#7395dc273af37fb2e50e9bd3d9fe841285231d1a"
  integrity sha512-vZVEEwZoIsI+vPEuoF9Iqf5H7/M3eeQqWlQnYa8FSKKePuYTf5MWnxb5SDAzCa60b3JBRS5g9b+Dq7b1y/RCrA==

easing-js@danro/easing-js:
  version "0.5.4"
  resolved "https://codeload.github.com/danro/easing-js/tar.gz/4f5e7edbde7f7200a1baf08e357377896c0d207e"

fetch-jsonp@^1.1.3:
  version "1.1.3"
  resolved "https://registry.yarnpkg.com/fetch-jsonp/-/fetch-jsonp-1.1.3.tgz#9eb9e585ba08aaf700563538d17bbebbcd5a3db2"
  integrity sha1-nrnlhboIqvcAVjU40Xu+u81aPbI=

intersection-observer@^0.5.0:
  version "0.5.1"
  resolved "https://registry.yarnpkg.com/intersection-observer/-/intersection-observer-0.5.1.tgz#e340fc56ce74290fe2b2394d1ce88c4353ac6dfa"
  integrity sha512-Zd7Plneq82kiXFixs7bX62YnuZ0BMRci9br7io88LwDyF3V43cQMI+G5IiTlTNTt+LsDUppl19J/M2Fp9UkH6g==

promise-polyfill@^6.0.2:
  version "6.1.0"
  resolved "https://registry.yarnpkg.com/promise-polyfill/-/promise-polyfill-6.1.0.tgz#dfa96943ea9c121fca4de9b5868cb39d3472e057"
  integrity sha1-36lpQ+qcEh/KTem1hoyznTRy4Fc=

qs@^6.5.1:
  version "6.9.4"
  resolved "https://registry.yarnpkg.com/qs/-/qs-6.9.4.tgz#9090b290d1f91728d3c22e54843ca44aea5ab687"
  integrity sha512-A1kFqHekCTM7cz0udomYUoYNWjBebHm/5wzU/XqrBRBNWectVH0QIiN+NEcZ0Dte5hvzHwbr8+XQmguPhJ6WdQ==

riot-observable@^3.0.0:
  version "3.0.0"
  resolved "https://registry.yarnpkg.com/riot-observable/-/riot-observable-3.0.0.tgz#8bbd2daf72a2141bb043082df4023dc504bad2eb"
  integrity sha1-i70tr3KiFBuwQwgt9AI9xQS60us=

tiny-invariant@^1.0.6:
  version "1.1.0"
  resolved "https://registry.yarnpkg.com/tiny-invariant/-/tiny-invariant-1.1.0.tgz#634c5f8efdc27714b7f386c35e6760991d230875"
  integrity sha512-ytxQvrb1cPc9WBEI/HSeYYoGD0kWnGEOR8RY6KomWLBVhqz0RgTwVO9dLrGz7dC+nN9llyI7OKAgRq8Vq4ZBSw==

whatwg-fetch@^2.0.3:
  version "2.0.4"
  resolved "https://registry.yarnpkg.com/whatwg-fetch/-/whatwg-fetch-2.0.4.tgz#dde6a5df315f9d39991aa17621853d720b85566f"
  integrity sha512-dcQ1GWpOD/eEQ97k66aiEVpNnapVj90/+R+SXTPYGHpYBBypfKJEQjLrvMZ7YXbKm21gXd4NcuxUTjiv1YtLng==
